# This file is automatically @generated by Wally.
# It is not intended for manual editing.
registry = "test"

[[package]]
name = "1foreverhd/topbarplus"
version = "3.4.0"
dependencies = []

[[package]]
name = "didri/runanoffice"
version = "0.1.0"
dependencies = [["Charm", "littensy/charm@0.11.0"], ["Dataservicetyped", "leifstout/dataservicetyped@1.0.5"], ["Fastsignal", "lucasmzreal/fastsignal@10.4.0"], ["Fusion", "elttob/fusion@0.3.0"], ["Janitor", "howmanysmall/janitor@1.18.3"], ["Kmdr", "mrkirdid/kmdr@0.1.0"], ["Kore", "mrkirdid/kore@0.1.13"], ["Promise", "evaera/promise@4.0.0"], ["Proximityprompt", "mrkirdid/proximityprompt@0.1.1"], ["Reflex", "littensy/reflex@4.3.1"], ["Topbarplus", "1foreverhd/topbarplus@3.4.0"], ["TypedPromise", "howmanysmall/typed-promise@4.0.6"], ["Unithub", "mrkirdid/unithub@0.2.14"], ["Zoneplus", "mattschrubb/zoneplus@3.2.0"]]

[[package]]
name = "elttob/fusion"
version = "0.2.0"
dependencies = []

[[package]]
name = "elttob/fusion"
version = "0.3.0"
dependencies = []

[[package]]
name = "evaera/promise"
version = "4.0.0"
dependencies = []

[[package]]
name = "howmanysmall/janitor"
version = "1.18.3"
dependencies = [["Promise", "howmanysmall/typed-promise@4.0.6"]]

[[package]]
name = "howmanysmall/typed-promise"
version = "4.0.6"
dependencies = [["Promise", "evaera/promise@4.0.0"]]

[[package]]
name = "leifstout/dataservicetyped"
version = "1.0.5"
dependencies = [["Networker", "leifstout/networker@0.3.1"], ["ProfileStore", "lm-loleris/profilestore@1.0.3"], ["Signal", "sleitnick/signal@2.0.3"]]

[[package]]
name = "leifstout/networker"
version = "0.3.1"
dependencies = [["Signal", "sleitnick/signal@2.0.3"]]

[[package]]
name = "littensy/charm"
version = "0.11.0"
dependencies = []

[[package]]
name = "littensy/reflex"
version = "4.3.1"
dependencies = [["Promise", "evaera/promise@4.0.0"]]

[[package]]
name = "lm-loleris/profilestore"
version = "1.0.3"
dependencies = []

[[package]]
name = "lucasmzreal/fastsignal"
version = "10.4.0"
dependencies = []

[[package]]
name = "mattschrubb/zoneplus"
version = "3.2.0"
dependencies = []

[[package]]
name = "mrkirdid/kmdr"
version = "0.1.0"
dependencies = [["Fusion", "elttob/fusion@0.3.0"]]

[[package]]
name = "mrkirdid/kore"
version = "0.1.13"
dependencies = [["Fusion", "elttob/fusion@0.2.0"], ["Janitor", "howmanysmall/janitor@1.18.3"], ["ProfileStore", "lm-loleris/profilestore@1.0.3"], ["Promise", "evaera/promise@4.0.0"], ["Signal", "sleitnick/signal@2.0.3"]]

[[package]]
name = "mrkirdid/proximityprompt"
version = "0.1.1"
dependencies = [["Fusion", "elttob/fusion@0.2.0"]]

[[package]]
name = "mrkirdid/unithub"
version = "0.2.14"
dependencies = [["Janitor", "howmanysmall/janitor@1.18.3"], ["Promise", "evaera/promise@4.0.0"], ["Signal", "lucasmzreal/fastsignal@10.4.0"]]

[[package]]
name = "sleitnick/signal"
version = "2.0.3"
dependencies = []
